# This file is automatically @generated by Cargo.
# It is not intended for manual editing.
version = 3

[[package]]
name = "emu6502"
version = "0.1.0"
dependencies = [
 "noop-waker",
]

[[package]]
name = "noop-waker"
version = "0.1.0"
source = "registry+https://github.com/rust-lang/crates.io-index"
checksum = "56902c3f29ce7afbecc1d088dfd2e3108033f3c02041c70788ed94280a3d5261"
